
Microsoft Visual Studio Solution File, Format Version 12.00
# Visual Studio 2012
Project("{FAE04EC0-301F-11D3-BF4B-00C04F79EFBC}") = "Nasa", "Nasa\Nasa.csproj", "{3F10C5EA-32D0-4D84-91F0-492AD59F561C}"
EndProject
Global
	GlobalSection(TeamFoundationVersionControl) = preSolution
		SccNumberOfProjects = 2
		SccEnterpriseProvider = {4CA58AB2-18FA-4F8D-95D4-32DDF27D184C}
		SccTeamFoundationServer = https://nikolovk.visualstudio.com/defaultcollection
		SccLocalPath0 = .
		SccProjectUniqueName1 = Nasa\\Nasa.csproj
		SccProjectName1 = Nasa
		SccLocalPath1 = Nasa
	EndGlobalSection
	GlobalSection(SolutionConfigurationPlatforms) = preSolution
		Debug|Any CPU = Debug|Any CPU
		Release|Any CPU = Release|Any CPU
	EndGlobalSection
	GlobalSection(ProjectConfigurationPlatforms) = postSolution
		{3F10C5EA-32D0-4D84-91F0-492AD59F561C}.Debug|Any CPU.ActiveCfg = Debug|Any CPU
		{3F10C5EA-32D0-4D84-91F0-492AD59F561C}.Debug|Any CPU.Build.0 = Debug|Any CPU
		{3F10C5EA-32D0-4D84-91F0-492AD59F561C}.Release|Any CPU.ActiveCfg = Release|Any CPU
		{3F10C5EA-32D0-4D84-91F0-492AD59F561C}.Release|Any CPU.Build.0 = Release|Any CPU
	EndGlobalSection
	GlobalSection(SolutionProperties) = preSolution
		HideSolutionNode = FALSE
	EndGlobalSection
EndGlobal
